<?xml version="1.0" encoding="utf-8"?>
<Project ToolsVersion="4.0" xmlns="http://schemas.microsoft.com/developer/msbuild/2003">
  <ItemGroup>
    <Filter Include="Header Files">
      <UniqueIdentifier>{93995380-89BD-4b04-88EB-625FBE52EBFB}</UniqueIdentifier>
      <Extensions>h;hh;hpp;hxx;hm;inl;inc;ipp;xsd</Extensions>
    </Filter>
    <Filter Include="Resource Files">
      <UniqueIdentifier>{67DA6AB6-F800-4c08-8B7A-83BB121AAD01}</UniqueIdentifier>
      <Extensions>rc;ico;cur;bmp;dlg;rc2;rct;bin;rgs;gif;jpg;jpeg;jpe;resx;tiff;tif;png;wav;mfcribbon-ms</Extensions>
    </Filter>
    <Filter Include="Deque">
      <UniqueIdentifier>{e4dbbf43-1b49-4a78-a23a-275163275711}</UniqueIdentifier>
    </Filter>
    <Filter Include="vector">
      <UniqueIdentifier>{f709ba6b-4683-474e-bc6e-065ed1d6f6f5}</UniqueIdentifier>
    </Filter>
    <Filter Include="list">
      <UniqueIdentifier>{e11abb80-f1ab-4588-b01e-0cdf69c6aeed}</UniqueIdentifier>
    </Filter>
  </ItemGroup>
  <ItemGroup>
    <ClCompile Include="list\list_insert_and_erase.cpp">
      <Filter>list</Filter>
    </ClCompile>
    <ClCompile Include="list\list_merge.cpp">
      <Filter>list</Filter>
    </ClCompile>
    <ClCompile Include="list\list_merge2.cpp">
      <Filter>list</Filter>
    </ClCompile>
    <ClCompile Include="list\list_push_front_and_push_back.cpp">
      <Filter>list</Filter>
    </ClCompile>
    <ClCompile Include="list\list_remove.cpp">
      <Filter>list</Filter>
    </ClCompile>
    <ClCompile Include="list\list_remove_if.cpp">
      <Filter>list</Filter>
    </ClCompile>
    <ClCompile Include="list\list_reverse.cpp">
      <Filter>list</Filter>
    </ClCompile>
    <ClCompile Include="list\list_sort.cpp">
      <Filter>list</Filter>
    </ClCompile>
    <ClCompile Include="list\list_sort2.cpp">
      <Filter>list</Filter>
    </ClCompile>
    <ClCompile Include="list\list_splice.cpp">
      <Filter>list</Filter>
    </ClCompile>
    <ClCompile Include="list\list_splice_2.cpp">
      <Filter>list</Filter>
    </ClCompile>
    <ClCompile Include="list\list_unique.cpp">
      <Filter>list</Filter>
    </ClCompile>
    <ClCompile Include="list\list_unique_with_func.cpp">
      <Filter>list</Filter>
    </ClCompile>
    <ClCompile Include="list\insert_vector_and_list.cpp">
      <Filter>list</Filter>
    </ClCompile>
    <ClCompile Include="deque\deque_iter.cpp">
      <Filter>Deque</Filter>
    </ClCompile>
    <ClCompile Include="deque\push_back_and_push_front.cpp">
      <Filter>Deque</Filter>
    </ClCompile>
    <ClCompile Include="deque\reverse_iterator.cpp">
      <Filter>Deque</Filter>
    </ClCompile>
    <ClCompile Include="deque\vector_and_deque.cpp">
      <Filter>Deque</Filter>
    </ClCompile>
    <ClCompile Include="deque\deque_insert.cpp">
      <Filter>Deque</Filter>
    </ClCompile>
    <ClCompile Include="vector\insert_vector2.cpp">
      <Filter>vector</Filter>
    </ClCompile>
    <ClCompile Include="vector\vector_assign.cpp">
      <Filter>vector</Filter>
    </ClCompile>
    <ClCompile Include="vector\vector_compare.cpp">
      <Filter>vector</Filter>
    </ClCompile>
    <ClCompile Include="vector\vector_push.cpp">
      <Filter>vector</Filter>
    </ClCompile>
    <ClCompile Include="vector\const_and_iterator.cpp">
      <Filter>vector</Filter>
    </ClCompile>
    <ClCompile Include="vector\erase_vector.cpp">
      <Filter>vector</Filter>
    </ClCompile>
    <ClCompile Include="vector\Insert_vector.cpp">
      <Filter>vector</Filter>
    </ClCompile>
  </ItemGroup>
</Project>