<?xml version="1.0" encoding="utf-8"?>
<Project ToolsVersion="4.0" xmlns="http://schemas.microsoft.com/developer/msbuild/2003">
  <ItemGroup>
    <Filter Include="general_functor">
      <UniqueIdentifier>{a673d5fd-9e86-48f9-a244-f4fa98097cd6}</UniqueIdentifier>
    </Filter>
    <Filter Include="function_adaptor">
      <UniqueIdentifier>{0e209370-3a6c-4f56-a8d9-c21318ddafaf}</UniqueIdentifier>
    </Filter>
    <Filter Include="ALU_Function_Object">
      <UniqueIdentifier>{94b14d41-2c4b-43d3-8751-013494d905c9}</UniqueIdentifier>
    </Filter>
    <Filter Include="operator_compare_predicator">
      <UniqueIdentifier>{181d0698-ab86-4c10-8644-04b4b736a687}</UniqueIdentifier>
    </Filter>
    <Filter Include="binder">
      <UniqueIdentifier>{7f93e24a-e831-43e1-8154-625c5c97068f}</UniqueIdentifier>
    </Filter>
  </ItemGroup>
  <ItemGroup>
    <ClCompile Include="three_predicate.cpp">
      <Filter>general_functor</Filter>
    </ClCompile>
    <ClCompile Include="transform_plus.cpp">
      <Filter>general_functor</Filter>
    </ClCompile>
    <ClCompile Include="transform_with_adapter.cpp">
      <Filter>general_functor</Filter>
    </ClCompile>
    <ClCompile Include="transform_type.cpp">
      <Filter>general_functor</Filter>
    </ClCompile>
    <ClCompile Include="ALU_Function_Object.cpp">
      <Filter>ALU_Function_Object</Filter>
    </ClCompile>
    <ClCompile Include="less_compare.cpp">
      <Filter>operator_compare_predicator</Filter>
    </ClCompile>
    <ClCompile Include="bind1st.cpp">
      <Filter>binder</Filter>
    </ClCompile>
  </ItemGroup>
</Project>