<?xml version="1.0" encoding="utf-8"?>
<Project ToolsVersion="4.0" xmlns="http://schemas.microsoft.com/developer/msbuild/2003">
  <ItemGroup>
    <Filter Include="nonmodifying_algorithm">
      <UniqueIdentifier>{824b98c5-6d21-4eb1-ab8b-677e87f852dd}</UniqueIdentifier>
    </Filter>
    <Filter Include="modifying_algorithm">
      <UniqueIdentifier>{8f9c53cd-fcc5-4ada-9c27-06d8130448b2}</UniqueIdentifier>
    </Filter>
  </ItemGroup>
  <ItemGroup>
    <ClCompile Include="adjacent_find.cpp">
      <Filter>nonmodifying_algorithm</Filter>
    </ClCompile>
    <ClCompile Include="adjacent_find_2.cpp">
      <Filter>nonmodifying_algorithm</Filter>
    </ClCompile>
    <ClCompile Include="adjacent_find_3.cpp">
      <Filter>nonmodifying_algorithm</Filter>
    </ClCompile>
    <ClCompile Include="count.cpp">
      <Filter>nonmodifying_algorithm</Filter>
    </ClCompile>
    <ClCompile Include="count_if.cpp">
      <Filter>nonmodifying_algorithm</Filter>
    </ClCompile>
    <ClCompile Include="equal.cpp">
      <Filter>nonmodifying_algorithm</Filter>
    </ClCompile>
    <ClCompile Include="find.cpp">
      <Filter>nonmodifying_algorithm</Filter>
    </ClCompile>
    <ClCompile Include="find_end.cpp">
      <Filter>nonmodifying_algorithm</Filter>
    </ClCompile>
    <ClCompile Include="find_first_of.cpp">
      <Filter>nonmodifying_algorithm</Filter>
    </ClCompile>
    <ClCompile Include="for_each.cpp">
      <Filter>nonmodifying_algorithm</Filter>
    </ClCompile>
    <ClCompile Include="lexicographical_compare.cpp">
      <Filter>nonmodifying_algorithm</Filter>
    </ClCompile>
    <ClCompile Include="max_min.cpp">
      <Filter>nonmodifying_algorithm</Filter>
    </ClCompile>
    <ClCompile Include="max_min_element.cpp">
      <Filter>nonmodifying_algorithm</Filter>
    </ClCompile>
    <ClCompile Include="mismatch.cpp">
      <Filter>nonmodifying_algorithm</Filter>
    </ClCompile>
    <ClCompile Include="search_and_search_n.cpp">
      <Filter>nonmodifying_algorithm</Filter>
    </ClCompile>
    <ClCompile Include="copy.cpp">
      <Filter>modifying_algorithm</Filter>
    </ClCompile>
    <ClCompile Include="fill.cpp">
      <Filter>modifying_algorithm</Filter>
    </ClCompile>
    <ClCompile Include="for_each_modify.cpp">
      <Filter>modifying_algorithm</Filter>
    </ClCompile>
    <ClCompile Include="generate.cpp">
      <Filter>modifying_algorithm</Filter>
    </ClCompile>
    <ClCompile Include="swap.cpp">
      <Filter>modifying_algorithm</Filter>
    </ClCompile>
    <ClCompile Include="merge.cpp">
      <Filter>modifying_algorithm</Filter>
    </ClCompile>
    <ClCompile Include="replace.cpp">
      <Filter>modifying_algorithm</Filter>
    </ClCompile>
    <ClCompile Include="replace_copy.cpp">
      <Filter>modifying_algorithm</Filter>
    </ClCompile>
  </ItemGroup>
</Project>