<?xml version="1.0" encoding="utf-8"?>
<Project ToolsVersion="4.0" xmlns="http://schemas.microsoft.com/developer/msbuild/2003">
  <ItemGroup>
    <Filter Include="set">
      <UniqueIdentifier>{8d335e90-a4c3-493e-a4dd-ceb936035634}</UniqueIdentifier>
    </Filter>
    <Filter Include="multiset">
      <UniqueIdentifier>{52972836-f847-485e-928b-a4a5c686b5ab}</UniqueIdentifier>
    </Filter>
  </ItemGroup>
  <ItemGroup>
    <None Include="readme.md" />
  </ItemGroup>
  <ItemGroup>
    <ClCompile Include="set_insert.cpp">
      <Filter>set</Filter>
    </ClCompile>
    <ClCompile Include="set_insert_return.cpp">
      <Filter>set</Filter>
    </ClCompile>
    <ClCompile Include="set_insert_overload.cpp">
      <Filter>set</Filter>
    </ClCompile>
    <ClCompile Include="set_greater.cpp">
      <Filter>set</Filter>
    </ClCompile>
    <ClCompile Include="set_key_comp_and_value_comp.cpp">
      <Filter>set</Filter>
    </ClCompile>
    <ClCompile Include="set_count.cpp">
      <Filter>set</Filter>
    </ClCompile>
    <ClCompile Include="set_find.cpp">
      <Filter>set</Filter>
    </ClCompile>
    <ClCompile Include="set_comp.cpp">
      <Filter>set</Filter>
    </ClCompile>
    <ClCompile Include="set_bound.cpp">
      <Filter>set</Filter>
    </ClCompile>
    <ClCompile Include="set_equal.cpp">
      <Filter>set</Filter>
    </ClCompile>
    <ClCompile Include="multiset_insert.cpp">
      <Filter>multiset</Filter>
    </ClCompile>
    <ClCompile Include="multiset_find.cpp">
      <Filter>multiset</Filter>
    </ClCompile>
    <ClCompile Include="multiset_equal_range.cpp">
      <Filter>multiset</Filter>
    </ClCompile>
  </ItemGroup>
</Project>