<?xml version="1.0" encoding="utf-8"?>
<Project ToolsVersion="4.0" xmlns="http://schemas.microsoft.com/developer/msbuild/2003">
  <ItemGroup>
    <Filter Include="inserter">
      <UniqueIdentifier>{1f4b09f4-2b5d-4263-bc3c-1a84d28a2592}</UniqueIdentifier>
    </Filter>
    <Filter Include="iostream_iterator">
      <UniqueIdentifier>{7756ab30-969c-46a2-be51-25e89a70890a}</UniqueIdentifier>
    </Filter>
  </ItemGroup>
  <ItemGroup>
    <ClCompile Include="inserter.cpp">
      <Filter>inserter</Filter>
    </ClCompile>
    <ClCompile Include="back_and_front_inserter.cpp">
      <Filter>inserter</Filter>
    </ClCompile>
    <ClCompile Include="ostream_iterator.cpp">
      <Filter>iostream_iterator</Filter>
    </ClCompile>
    <ClCompile Include="istream_iterator.cpp">
      <Filter>iostream_iterator</Filter>
    </ClCompile>
  </ItemGroup>
</Project>